// !$*UTF8*$!
{
	archiveVersion = 1;
	classes = {
	};
	objectVersion = 46;
	objects = {

/* Begin PBXBuildFile section */
		1407057230AD335DF5310BF7 /* Pods_MAnusjakBakalarka.framework in Frameworks */ = {isa = PBXBuildFile; fileRef = 8EFB324355C1B05D538F47C2 /* Pods_MAnusjakBakalarka.framework */; };
		511617D81F828D050036B386 /* SpinnerAlertViewController.swift in Sources */ = {isa = PBXBuildFile; fileRef = 511617D71F828D050036B386 /* SpinnerAlertViewController.swift */; };
		51519BB11F73D6EA009589FA /* Path.swift in Sources */ = {isa = PBXBuildFile; fileRef = 51519BB01F73D6EA009589FA /* Path.swift */; };
		51519BB41F73DB48009589FA /* Utils.swift in Sources */ = {isa = PBXBuildFile; fileRef = 51519BB31F73DB48009589FA /* Utils.swift */; };
		517F88A01FA09457006DC159 /* BackButton.swift in Sources */ = {isa = PBXBuildFile; fileRef = 517F889F1FA09457006DC159 /* BackButton.swift */; };
		518FF3A81F8B9A4100212741 /* StartSimulationViewController.swift in Sources */ = {isa = PBXBuildFile; fileRef = 518FF3A71F8B9A4100212741 /* StartSimulationViewController.swift */; };
		518FF3AA1F8B9AAA00212741 /* SelectBlockViewController.swift in Sources */ = {isa = PBXBuildFile; fileRef = 518FF3A91F8B9AAA00212741 /* SelectBlockViewController.swift */; };
		518FF3AC1F8CC85200212741 /* SelectParamsViewController.swift in Sources */ = {isa = PBXBuildFile; fileRef = 518FF3AB1F8CC85200212741 /* SelectParamsViewController.swift */; };
		518FF3AE1F8CEAAA00212741 /* TableViewCell.swift in Sources */ = {isa = PBXBuildFile; fileRef = 518FF3AD1F8CEAAA00212741 /* TableViewCell.swift */; };
		518FF3B01F8D61A000212741 /* SettingsViewController.swift in Sources */ = {isa = PBXBuildFile; fileRef = 518FF3AF1F8D61A000212741 /* SettingsViewController.swift */; };
		519D71AE1F963449000FF75A /* EditParamCell.swift in Sources */ = {isa = PBXBuildFile; fileRef = 519D71AD1F963449000FF75A /* EditParamCell.swift */; };
		51B38B9C1FCEBC38002AC713 /* SavedParamsTableViewController.swift in Sources */ = {isa = PBXBuildFile; fileRef = 51B38B9B1FCEBC38002AC713 /* SavedParamsTableViewController.swift */; };
		51C9D1981F74207200541580 /* UIColor+Extension.swift in Sources */ = {isa = PBXBuildFile; fileRef = 51C9D1971F74207200541580 /* UIColor+Extension.swift */; };
		51E4B0A51FA708D900B35B90 /* MAButton.swift in Sources */ = {isa = PBXBuildFile; fileRef = 51E4B0A41FA708D900B35B90 /* MAButton.swift */; };
		51E9A97D1FB308910085310F /* OpenModelsViewController.swift in Sources */ = {isa = PBXBuildFile; fileRef = 51E9A97C1FB308910085310F /* OpenModelsViewController.swift */; };
		51EDC2DC1F70F7BE00303C77 /* AppDelegate.swift in Sources */ = {isa = PBXBuildFile; fileRef = 51EDC2DB1F70F7BE00303C77 /* AppDelegate.swift */; };
		51EDC2E31F70F7BE00303C77 /* Assets.xcassets in Resources */ = {isa = PBXBuildFile; fileRef = 51EDC2E21F70F7BE00303C77 /* Assets.xcassets */; };
		51EDC30A1F70F91E00303C77 /* Main.storyboard in Resources */ = {isa = PBXBuildFile; fileRef = 51EDC3091F70F91E00303C77 /* Main.storyboard */; };
		51EDC30E1F70FBCB00303C77 /* BaseViewController.swift in Sources */ = {isa = PBXBuildFile; fileRef = 51EDC30D1F70FBCB00303C77 /* BaseViewController.swift */; };
		51EDC3101F70FEB000303C77 /* StartViewController.swift in Sources */ = {isa = PBXBuildFile; fileRef = 51EDC30F1F70FEB000303C77 /* StartViewController.swift */; };
		51EE202F1FA3716200A20C07 /* EditParamsTableView.swift in Sources */ = {isa = PBXBuildFile; fileRef = 51EE202E1FA3716200A20C07 /* EditParamsTableView.swift */; };
		51EE20311FA375A700A20C07 /* GraphView.swift in Sources */ = {isa = PBXBuildFile; fileRef = 51EE20301FA375A700A20C07 /* GraphView.swift */; };
		51EE20331FA376F300A20C07 /* EditParamsViewController.swift in Sources */ = {isa = PBXBuildFile; fileRef = 51EE20321FA376F300A20C07 /* EditParamsViewController.swift */; };
		51FA77E41F8587A90035D701 /* MatlabService.swift in Sources */ = {isa = PBXBuildFile; fileRef = 51FA77E31F8587A90035D701 /* MatlabService.swift */; };
		51FA77E61F8596A40035D701 /* ModelViewController.swift in Sources */ = {isa = PBXBuildFile; fileRef = 51FA77E51F8596A40035D701 /* ModelViewController.swift */; };
/* End PBXBuildFile section */

/* Begin PBXFileReference section */
		476ADB0D8799EBEF7DF4A906 /* Pods-MAnusjakBakalarka.release.xcconfig */ = {isa = PBXFileReference; includeInIndex = 1; lastKnownFileType = text.xcconfig; name = "Pods-MAnusjakBakalarka.release.xcconfig"; path = "Pods/Target Support Files/Pods-MAnusjakBakalarka/Pods-MAnusjakBakalarka.release.xcconfig"; sourceTree = "<group>"; };
		511617D71F828D050036B386 /* SpinnerAlertViewController.swift */ = {isa = PBXFileReference; lastKnownFileType = sourcecode.swift; path = SpinnerAlertViewController.swift; sourceTree = "<group>"; };
		51519BB01F73D6EA009589FA /* Path.swift */ = {isa = PBXFileReference; lastKnownFileType = sourcecode.swift; path = Path.swift; sourceTree = "<group>"; };
		51519BB31F73DB48009589FA /* Utils.swift */ = {isa = PBXFileReference; lastKnownFileType = sourcecode.swift; path = Utils.swift; sourceTree = "<group>"; };
		517F889F1FA09457006DC159 /* BackButton.swift */ = {isa = PBXFileReference; lastKnownFileType = sourcecode.swift; path = BackButton.swift; sourceTree = "<group>"; };
		518FF3A71F8B9A4100212741 /* StartSimulationViewController.swift */ = {isa = PBXFileReference; lastKnownFileType = sourcecode.swift; path = StartSimulationViewController.swift; sourceTree = "<group>"; };
		518FF3A91F8B9AAA00212741 /* SelectBlockViewController.swift */ = {isa = PBXFileReference; lastKnownFileType = sourcecode.swift; path = SelectBlockViewController.swift; sourceTree = "<group>"; };
		518FF3AB1F8CC85200212741 /* SelectParamsViewController.swift */ = {isa = PBXFileReference; lastKnownFileType = sourcecode.swift; path = SelectParamsViewController.swift; sourceTree = "<group>"; };
		518FF3AD1F8CEAAA00212741 /* TableViewCell.swift */ = {isa = PBXFileReference; lastKnownFileType = sourcecode.swift; path = TableViewCell.swift; sourceTree = "<group>"; };
		518FF3AF1F8D61A000212741 /* SettingsViewController.swift */ = {isa = PBXFileReference; lastKnownFileType = sourcecode.swift; path = SettingsViewController.swift; sourceTree = "<group>"; };
		519D71AD1F963449000FF75A /* EditParamCell.swift */ = {isa = PBXFileReference; lastKnownFileType = sourcecode.swift; path = EditParamCell.swift; sourceTree = "<group>"; };
		51B38B9B1FCEBC38002AC713 /* SavedParamsTableViewController.swift */ = {isa = PBXFileReference; lastKnownFileType = sourcecode.swift; path = SavedParamsTableViewController.swift; sourceTree = "<group>"; };
		51C9D1971F74207200541580 /* UIColor+Extension.swift */ = {isa = PBXFileReference; lastKnownFileType = sourcecode.swift; path = "UIColor+Extension.swift"; sourceTree = "<group>"; };
		51D91C201FA6519D00405FB1 /* MAnusjakBakalarka-Bridging-Header.h */ = {isa = PBXFileReference; lastKnownFileType = sourcecode.c.h; path = "MAnusjakBakalarka-Bridging-Header.h"; sourceTree = "<group>"; };
		51E4B0A41FA708D900B35B90 /* MAButton.swift */ = {isa = PBXFileReference; lastKnownFileType = sourcecode.swift; path = MAButton.swift; sourceTree = "<group>"; };
		51E9A97C1FB308910085310F /* OpenModelsViewController.swift */ = {isa = PBXFileReference; lastKnownFileType = sourcecode.swift; path = OpenModelsViewController.swift; sourceTree = "<group>"; };
		51EDC2D81F70F7BE00303C77 /* MAnusjakBakalarka.app */ = {isa = PBXFileReference; explicitFileType = wrapper.application; includeInIndex = 0; path = MAnusjakBakalarka.app; sourceTree = BUILT_PRODUCTS_DIR; };
		51EDC2DB1F70F7BE00303C77 /* AppDelegate.swift */ = {isa = PBXFileReference; lastKnownFileType = sourcecode.swift; path = AppDelegate.swift; sourceTree = "<group>"; };
		51EDC2E21F70F7BE00303C77 /* Assets.xcassets */ = {isa = PBXFileReference; lastKnownFileType = folder.assetcatalog; path = Assets.xcassets; sourceTree = "<group>"; };
		51EDC2E71F70F7BE00303C77 /* Info.plist */ = {isa = PBXFileReference; lastKnownFileType = text.plist.xml; path = Info.plist; sourceTree = "<group>"; };
		51EDC3091F70F91E00303C77 /* Main.storyboard */ = {isa = PBXFileReference; fileEncoding = 4; lastKnownFileType = file.storyboard; path = Main.storyboard; sourceTree = "<group>"; };
		51EDC30D1F70FBCB00303C77 /* BaseViewController.swift */ = {isa = PBXFileReference; fileEncoding = 4; lastKnownFileType = sourcecode.swift; path = BaseViewController.swift; sourceTree = "<group>"; };
		51EDC30F1F70FEB000303C77 /* StartViewController.swift */ = {isa = PBXFileReference; fileEncoding = 4; lastKnownFileType = sourcecode.swift; path = StartViewController.swift; sourceTree = "<group>"; };
		51EE202E1FA3716200A20C07 /* EditParamsTableView.swift */ = {isa = PBXFileReference; lastKnownFileType = sourcecode.swift; path = EditParamsTableView.swift; sourceTree = "<group>"; };
		51EE20301FA375A700A20C07 /* GraphView.swift */ = {isa = PBXFileReference; lastKnownFileType = sourcecode.swift; path = GraphView.swift; sourceTree = "<group>"; };
		51EE20321FA376F300A20C07 /* EditParamsViewController.swift */ = {isa = PBXFileReference; lastKnownFileType = sourcecode.swift; path = EditParamsViewController.swift; sourceTree = "<group>"; };
		51FA77E31F8587A90035D701 /* MatlabService.swift */ = {isa = PBXFileReference; lastKnownFileType = sourcecode.swift; path = MatlabService.swift; sourceTree = "<group>"; };
		51FA77E51F8596A40035D701 /* ModelViewController.swift */ = {isa = PBXFileReference; lastKnownFileType = sourcecode.swift; path = ModelViewController.swift; sourceTree = "<group>"; };
		5BDA48E135E52D06927D06C9 /* Pods-MAnusjakBakalarka.debug.xcconfig */ = {isa = PBXFileReference; includeInIndex = 1; lastKnownFileType = text.xcconfig; name = "Pods-MAnusjakBakalarka.debug.xcconfig"; path = "Pods/Target Support Files/Pods-MAnusjakBakalarka/Pods-MAnusjakBakalarka.debug.xcconfig"; sourceTree = "<group>"; };
		8EFB324355C1B05D538F47C2 /* Pods_MAnusjakBakalarka.framework */ = {isa = PBXFileReference; explicitFileType = wrapper.framework; includeInIndex = 0; path = Pods_MAnusjakBakalarka.framework; sourceTree = BUILT_PRODUCTS_DIR; };
/* End PBXFileReference section */

/* Begin PBXFrameworksBuildPhase section */
		51EDC2D51F70F7BE00303C77 /* Frameworks */ = {
			isa = PBXFrameworksBuildPhase;
			buildActionMask = 2147483647;
			files = (
				1407057230AD335DF5310BF7 /* Pods_MAnusjakBakalarka.framework in Frameworks */,
			);
			runOnlyForDeploymentPostprocessing = 0;
		};
/* End PBXFrameworksBuildPhase section */

/* Begin PBXGroup section */
		4CBBD2034EB41AD0A74331DB /* Pods */ = {
			isa = PBXGroup;
			children = (
				5BDA48E135E52D06927D06C9 /* Pods-MAnusjakBakalarka.debug.xcconfig */,
				476ADB0D8799EBEF7DF4A906 /* Pods-MAnusjakBakalarka.release.xcconfig */,
			);
			name = Pods;
			sourceTree = "<group>";
		};
		51519BB21F73D7EB009589FA /* Supporting Files */ = {
			isa = PBXGroup;
			children = (
				51EDC3091F70F91E00303C77 /* Main.storyboard */,
				51D91C201FA6519D00405FB1 /* MAnusjakBakalarka-Bridging-Header.h */,
				51EDC2E71F70F7BE00303C77 /* Info.plist */,
			);
			name = "Supporting Files";
			sourceTree = "<group>";
		};
		517F88A11FA0D93C006DC159 /* Cells */ = {
			isa = PBXGroup;
			children = (
				518FF3AD1F8CEAAA00212741 /* TableViewCell.swift */,
				519D71AD1F963449000FF75A /* EditParamCell.swift */,
			);
			name = Cells;
			sourceTree = "<group>";
		};
		51CC60921FB4440E003CC852 /* Simulation */ = {
			isa = PBXGroup;
			children = (
				518FF3A71F8B9A4100212741 /* StartSimulationViewController.swift */,
			);
			name = Simulation;
			sourceTree = "<group>";
		};
		51CC60931FB4443C003CC852 /* SelectParameters */ = {
			isa = PBXGroup;
			children = (
				518FF3A91F8B9AAA00212741 /* SelectBlockViewController.swift */,
				518FF3AB1F8CC85200212741 /* SelectParamsViewController.swift */,
			);
			name = SelectParameters;
			sourceTree = "<group>";
		};
		51CC60941FB4445C003CC852 /* EditParameters */ = {
			isa = PBXGroup;
			children = (
				51EE20321FA376F300A20C07 /* EditParamsViewController.swift */,
				51B38B9B1FCEBC38002AC713 /* SavedParamsTableViewController.swift */,
			);
			name = EditParameters;
			sourceTree = "<group>";
		};
		51EDC2CF1F70F7BE00303C77 = {
			isa = PBXGroup;
			children = (
				51EDC2DA1F70F7BE00303C77 /* MAnusjakBakalarka */,
				51EDC2D91F70F7BE00303C77 /* Products */,
				4CBBD2034EB41AD0A74331DB /* Pods */,
				BE7B2DFEDD022FF1DC37C0B5 /* Frameworks */,
			);
			sourceTree = "<group>";
		};
		51EDC2D91F70F7BE00303C77 /* Products */ = {
			isa = PBXGroup;
			children = (
				51EDC2D81F70F7BE00303C77 /* MAnusjakBakalarka.app */,
			);
			name = Products;
			sourceTree = "<group>";
		};
		51EDC2DA1F70F7BE00303C77 /* MAnusjakBakalarka */ = {
			isa = PBXGroup;
			children = (
				51519BB01F73D6EA009589FA /* Path.swift */,
				51519BB31F73DB48009589FA /* Utils.swift */,
				51FA77E31F8587A90035D701 /* MatlabService.swift */,
				51C9D1971F74207200541580 /* UIColor+Extension.swift */,
				517F88A11FA0D93C006DC159 /* Cells */,
				51EDC30C1F70F9C900303C77 /* Views */,
				51EDC30B1F70F9B200303C77 /* ViewControllers */,
				51EDC2DB1F70F7BE00303C77 /* AppDelegate.swift */,
				51519BB21F73D7EB009589FA /* Supporting Files */,
				51EDC2E21F70F7BE00303C77 /* Assets.xcassets */,
			);
			path = MAnusjakBakalarka;
			sourceTree = "<group>";
		};
		51EDC30B1F70F9B200303C77 /* ViewControllers */ = {
			isa = PBXGroup;
			children = (
				51FA77E71F8596B20035D701 /* Helppers */,
				51EDC30F1F70FEB000303C77 /* StartViewController.swift */,
				518FF3AF1F8D61A000212741 /* SettingsViewController.swift */,
				51E9A97C1FB308910085310F /* OpenModelsViewController.swift */,
				51FA77E51F8596A40035D701 /* ModelViewController.swift */,
				51CC60931FB4443C003CC852 /* SelectParameters */,
				51CC60941FB4445C003CC852 /* EditParameters */,
				51CC60921FB4440E003CC852 /* Simulation */,
			);
			name = ViewControllers;
			sourceTree = "<group>";
		};
		51EDC30C1F70F9C900303C77 /* Views */ = {
			isa = PBXGroup;
			children = (
				517F889F1FA09457006DC159 /* BackButton.swift */,
				51EE202E1FA3716200A20C07 /* EditParamsTableView.swift */,
				51EE20301FA375A700A20C07 /* GraphView.swift */,
				51E4B0A41FA708D900B35B90 /* MAButton.swift */,
			);
			name = Views;
			sourceTree = "<group>";
		};
		51FA77E71F8596B20035D701 /* Helppers */ = {
			isa = PBXGroup;
			children = (
				51EDC30D1F70FBCB00303C77 /* BaseViewController.swift */,
				511617D71F828D050036B386 /* SpinnerAlertViewController.swift */,
			);
			name = Helppers;
			sourceTree = "<group>";
		};
		BE7B2DFEDD022FF1DC37C0B5 /* Frameworks */ = {
			isa = PBXGroup;
			children = (
				8EFB324355C1B05D538F47C2 /* Pods_MAnusjakBakalarka.framework */,
			);
			name = Frameworks;
			sourceTree = "<group>";
		};
/* End PBXGroup section */

/* Begin PBXNativeTarget section */
		51EDC2D71F70F7BE00303C77 /* MAnusjakBakalarka */ = {
			isa = PBXNativeTarget;
			buildConfigurationList = 51EDC3001F70F7BE00303C77 /* Build configuration list for PBXNativeTarget "MAnusjakBakalarka" */;
			buildPhases = (
				368967D264329DBC22C91948 /* [CP] Check Pods Manifest.lock */,
				51EDC2D41F70F7BE00303C77 /* Sources */,
				51EDC2D51F70F7BE00303C77 /* Frameworks */,
				51EDC2D61F70F7BE00303C77 /* Resources */,
				2859B86BCC26C01B3787DD00 /* [CP] Embed Pods Frameworks */,
				44E275B41C9E4D9429F619C6 /* [CP] Copy Pods Resources */,
			);
			buildRules = (
			);
			dependencies = (
			);
			name = MAnusjakBakalarka;
			productName = MAnusjakBakalarka;
			productReference = 51EDC2D81F70F7BE00303C77 /* MAnusjakBakalarka.app */;
			productType = "com.apple.product-type.application";
		};
/* End PBXNativeTarget section */

/* Begin PBXProject section */
		51EDC2D01F70F7BE00303C77 /* Project object */ = {
			isa = PBXProject;
			attributes = {
				LastSwiftUpdateCheck = 0830;
				LastUpgradeCheck = 0900;
				ORGANIZATIONNAME = "Milan Anusjak";
				TargetAttributes = {
					51EDC2D71F70F7BE00303C77 = {
						CreatedOnToolsVersion = 8.3.3;
						DevelopmentTeam = F3X6565QF6;
						LastSwiftMigration = 0900;
						ProvisioningStyle = Automatic;
					};
				};
			};
			buildConfigurationList = 51EDC2D31F70F7BE00303C77 /* Build configuration list for PBXProject "MAnusjakBakalarka" */;
			compatibilityVersion = "Xcode 3.2";
			developmentRegion = English;
			hasScannedForEncodings = 0;
			knownRegions = (
				en,
				Base,
			);
			mainGroup = 51EDC2CF1F70F7BE00303C77;
			productRefGroup = 51EDC2D91F70F7BE00303C77 /* Products */;
			projectDirPath = "";
			projectRoot = "";
			targets = (
				51EDC2D71F70F7BE00303C77 /* MAnusjakBakalarka */,
			);
		};
/* End PBXProject section */

/* Begin PBXResourcesBuildPhase section */
		51EDC2D61F70F7BE00303C77 /* Resources */ = {
			isa = PBXResourcesBuildPhase;
			buildActionMask = 2147483647;
			files = (
				51EDC2E31F70F7BE00303C77 /* Assets.xcassets in Resources */,
				51EDC30A1F70F91E00303C77 /* Main.storyboard in Resources */,
			);
			runOnlyForDeploymentPostprocessing = 0;
		};
/* End PBXResourcesBuildPhase section */

/* Begin PBXShellScriptBuildPhase section */
		2859B86BCC26C01B3787DD00 /* [CP] Embed Pods Frameworks */ = {
			isa = PBXShellScriptBuildPhase;
			buildActionMask = 12;
			files = (
			);
			inputPaths = (
				"${SRCROOT}/Pods/Target Support Files/Pods-MAnusjakBakalarka/Pods-MAnusjakBakalarka-frameworks.sh",
				"${BUILT_PRODUCTS_DIR}/Charts/Charts.framework",
				"${BUILT_PRODUCTS_DIR}/PureLayout/PureLayout.framework",
				"${BUILT_PRODUCTS_DIR}/ScrollableGraphView/ScrollableGraphView.framework",
			);
			name = "[CP] Embed Pods Frameworks";
			outputPaths = (
				"${TARGET_BUILD_DIR}/${FRAMEWORKS_FOLDER_PATH}/Charts.framework",
				"${TARGET_BUILD_DIR}/${FRAMEWORKS_FOLDER_PATH}/PureLayout.framework",
				"${TARGET_BUILD_DIR}/${FRAMEWORKS_FOLDER_PATH}/ScrollableGraphView.framework",
			);
			runOnlyForDeploymentPostprocessing = 0;
			shellPath = /bin/sh;
			shellScript = "\"${SRCROOT}/Pods/Target Support Files/Pods-MAnusjakBakalarka/Pods-MAnusjakBakalarka-frameworks.sh\"\n";
			showEnvVarsInLog = 0;
		};
		368967D264329DBC22C91948 /* [CP] Check Pods Manifest.lock */ = {
			isa = PBXShellScriptBuildPhase;
			buildActionMask = 2147483647;
			files = (
			);
			inputPaths = (
				"${PODS_PODFILE_DIR_PATH}/Podfile.lock",
				"${PODS_ROOT}/Manifest.lock",
			);
			name = "[CP] Check Pods Manifest.lock";
			outputPaths = (
				"$(DERIVED_FILE_DIR)/Pods-MAnusjakBakalarka-checkManifestLockResult.txt",
			);
			runOnlyForDeploymentPostprocessing = 0;
			shellPath = /bin/sh;
			shellScript = "diff \"${PODS_PODFILE_DIR_PATH}/Podfile.lock\" \"${PODS_ROOT}/Manifest.lock\" > /dev/null\nif [ $? != 0 ] ; then\n    # print error to STDERR\n    echo \"error: The sandbox is not in sync with the Podfile.lock. Run 'pod install' or update your CocoaPods installation.\" >&2\n    exit 1\nfi\n# This output is used by Xcode 'outputs' to avoid re-running this script phase.\necho \"SUCCESS\" > \"${SCRIPT_OUTPUT_FILE_0}\"\n";
			showEnvVarsInLog = 0;
		};
		44E275B41C9E4D9429F619C6 /* [CP] Copy Pods Resources */ = {
			isa = PBXShellScriptBuildPhase;
			buildActionMask = 2147483647;
			files = (
			);
			inputPaths = (
			);
			name = "[CP] Copy Pods Resources";
			outputPaths = (
			);
			runOnlyForDeploymentPostprocessing = 0;
			shellPath = /bin/sh;
			shellScript = "\"${SRCROOT}/Pods/Target Support Files/Pods-MAnusjakBakalarka/Pods-MAnusjakBakalarka-resources.sh\"\n";
			showEnvVarsInLog = 0;
		};
/* End PBXShellScriptBuildPhase section */

/* Begin PBXSourcesBuildPhase section */
		51EDC2D41F70F7BE00303C77 /* Sources */ = {
			isa = PBXSourcesBuildPhase;
			buildActionMask = 2147483647;
			files = (
				517F88A01FA09457006DC159 /* BackButton.swift in Sources */,
				51B38B9C1FCEBC38002AC713 /* SavedParamsTableViewController.swift in Sources */,
				51EE20331FA376F300A20C07 /* EditParamsViewController.swift in Sources */,
				51EE202F1FA3716200A20C07 /* EditParamsTableView.swift in Sources */,
				519D71AE1F963449000FF75A /* EditParamCell.swift in Sources */,
				51519BB11F73D6EA009589FA /* Path.swift in Sources */,
				518FF3A81F8B9A4100212741 /* StartSimulationViewController.swift in Sources */,
				51E9A97D1FB308910085310F /* OpenModelsViewController.swift in Sources */,
				51EDC3101F70FEB000303C77 /* StartViewController.swift in Sources */,
				51EDC2DC1F70F7BE00303C77 /* AppDelegate.swift in Sources */,
				518FF3AE1F8CEAAA00212741 /* TableViewCell.swift in Sources */,
				51C9D1981F74207200541580 /* UIColor+Extension.swift in Sources */,
				518FF3AA1F8B9AAA00212741 /* SelectBlockViewController.swift in Sources */,
				518FF3B01F8D61A000212741 /* SettingsViewController.swift in Sources */,
				51FA77E61F8596A40035D701 /* ModelViewController.swift in Sources */,
				511617D81F828D050036B386 /* SpinnerAlertViewController.swift in Sources */,
				51EE20311FA375A700A20C07 /* GraphView.swift in Sources */,
				51EDC30E1F70FBCB00303C77 /* BaseViewController.swift in Sources */,
				51FA77E41F8587A90035D701 /* MatlabService.swift in Sources */,
				51E4B0A51FA708D900B35B90 /* MAButton.swift in Sources */,
				51519BB41F73DB48009589FA /* Utils.swift in Sources */,
				518FF3AC1F8CC85200212741 /* SelectParamsViewController.swift in Sources */,
			);
			runOnlyForDeploymentPostprocessing = 0;
		};
/* End PBXSourcesBuildPhase section */

/* Begin XCBuildConfiguration section */
		51EDC2FE1F70F7BE00303C77 /* Debug */ = {
			isa = XCBuildConfiguration;
			buildSettings = {
				ALWAYS_SEARCH_USER_PATHS = NO;
				CLANG_ANALYZER_NONNULL = YES;
				CLANG_ANALYZER_NUMBER_OBJECT_CONVERSION = YES_AGGRESSIVE;
				CLANG_CXX_LANGUAGE_STANDARD = "gnu++0x";
				CLANG_CXX_LIBRARY = "libc++";
				CLANG_ENABLE_MODULES = YES;
				CLANG_ENABLE_OBJC_ARC = YES;
				CLANG_WARN_BLOCK_CAPTURE_AUTORELEASING = YES;
				CLANG_WARN_BOOL_CONVERSION = YES;
				CLANG_WARN_COMMA = YES;
				CLANG_WARN_CONSTANT_CONVERSION = YES;
				CLANG_WARN_DIRECT_OBJC_ISA_USAGE = YES_ERROR;
				CLANG_WARN_DOCUMENTATION_COMMENTS = YES;
				CLANG_WARN_EMPTY_BODY = YES;
				CLANG_WARN_ENUM_CONVERSION = YES;
				CLANG_WARN_INFINITE_RECURSION = YES;
				CLANG_WARN_INT_CONVERSION = YES;
				CLANG_WARN_NON_LITERAL_NULL_CONVERSION = YES;
				CLANG_WARN_OBJC_LITERAL_CONVERSION = YES;
				CLANG_WARN_OBJC_ROOT_CLASS = YES_ERROR;
				CLANG_WARN_RANGE_LOOP_ANALYSIS = YES;
				CLANG_WARN_STRICT_PROTOTYPES = YES;
				CLANG_WARN_SUSPICIOUS_MOVE = YES;
				CLANG_WARN_UNREACHABLE_CODE = YES;
				CLANG_WARN__DUPLICATE_METHOD_MATCH = YES;
				"CODE_SIGN_IDENTITY[sdk=iphoneos*]" = "iPhone Developer";
				COPY_PHASE_STRIP = NO;
				DEBUG_INFORMATION_FORMAT = dwarf;
				ENABLE_STRICT_OBJC_MSGSEND = YES;
				ENABLE_TESTABILITY = YES;
				GCC_C_LANGUAGE_STANDARD = gnu99;
				GCC_DYNAMIC_NO_PIC = NO;
				GCC_NO_COMMON_BLOCKS = YES;
				GCC_OPTIMIZATION_LEVEL = 0;
				GCC_PREPROCESSOR_DEFINITIONS = (
					"DEBUG=1",
					"$(inherited)",
				);
				GCC_WARN_64_TO_32_BIT_CONVERSION = YES;
				GCC_WARN_ABOUT_RETURN_TYPE = YES_ERROR;
				GCC_WARN_UNDECLARED_SELECTOR = YES;
				GCC_WARN_UNINITIALIZED_AUTOS = YES_AGGRESSIVE;
				GCC_WARN_UNUSED_FUNCTION = YES;
				GCC_WARN_UNUSED_VARIABLE = YES;
				IPHONEOS_DEPLOYMENT_TARGET = 10.0;
				MTL_ENABLE_DEBUG_INFO = YES;
				ONLY_ACTIVE_ARCH = YES;
				SDKROOT = iphoneos;
				SWIFT_ACTIVE_COMPILATION_CONDITIONS = DEBUG;
				SWIFT_INSTALL_OBJC_HEADER = YES;
				SWIFT_OPTIMIZATION_LEVEL = "-Onone";
				SWIFT_PRECOMPILE_BRIDGING_HEADER = YES;
				TARGETED_DEVICE_FAMILY = "1,2";
			};
			name = Debug;
		};
		51EDC2FF1F70F7BE00303C77 /* Release */ = {
			isa = XCBuildConfiguration;
			buildSettings = {
				ALWAYS_SEARCH_USER_PATHS = NO;
				CLANG_ANALYZER_NONNULL = YES;
				CLANG_ANALYZER_NUMBER_OBJECT_CONVERSION = YES_AGGRESSIVE;
				CLANG_CXX_LANGUAGE_STANDARD = "gnu++0x";
				CLANG_CXX_LIBRARY = "libc++";
				CLANG_ENABLE_MODULES = YES;
				CLANG_ENABLE_OBJC_ARC = YES;
				CLANG_WARN_BLOCK_CAPTURE_AUTORELEASING = YES;
				CLANG_WARN_BOOL_CONVERSION = YES;
				CLANG_WARN_COMMA = YES;
				CLANG_WARN_CONSTANT_CONVERSION = YES;
				CLANG_WARN_DIRECT_OBJC_ISA_USAGE = YES_ERROR;
				CLANG_WARN_DOCUMENTATION_COMMENTS = YES;
				CLANG_WARN_EMPTY_BODY = YES;
				CLANG_WARN_ENUM_CONVERSION = YES;
				CLANG_WARN_INFINITE_RECURSION = YES;
				CLANG_WARN_INT_CONVERSION = YES;
				CLANG_WARN_NON_LITERAL_NULL_CONVERSION = YES;
				CLANG_WARN_OBJC_LITERAL_CONVERSION = YES;
				CLANG_WARN_OBJC_ROOT_CLASS = YES_ERROR;
				CLANG_WARN_RANGE_LOOP_ANALYSIS = YES;
				CLANG_WARN_STRICT_PROTOTYPES = YES;
				CLANG_WARN_SUSPICIOUS_MOVE = YES;
				CLANG_WARN_UNREACHABLE_CODE = YES;
				CLANG_WARN__DUPLICATE_METHOD_MATCH = YES;
				"CODE_SIGN_IDENTITY[sdk=iphoneos*]" = "iPhone Developer";
				COPY_PHASE_STRIP = NO;
				DEBUG_INFORMATION_FORMAT = "dwarf-with-dsym";
				ENABLE_NS_ASSERTIONS = NO;
				ENABLE_STRICT_OBJC_MSGSEND = YES;
				GCC_C_LANGUAGE_STANDARD = gnu99;
				GCC_NO_COMMON_BLOCKS = YES;
				GCC_WARN_64_TO_32_BIT_CONVERSION = YES;
				GCC_WARN_ABOUT_RETURN_TYPE = YES_ERROR;
				GCC_WARN_UNDECLARED_SELECTOR = YES;
				GCC_WARN_UNINITIALIZED_AUTOS = YES_AGGRESSIVE;
				GCC_WARN_UNUSED_FUNCTION = YES;
				GCC_WARN_UNUSED_VARIABLE = YES;
				IPHONEOS_DEPLOYMENT_TARGET = 10.0;
				MTL_ENABLE_DEBUG_INFO = NO;
				SDKROOT = iphoneos;
				SWIFT_INSTALL_OBJC_HEADER = YES;
				SWIFT_OPTIMIZATION_LEVEL = "-Owholemodule";
				SWIFT_PRECOMPILE_BRIDGING_HEADER = YES;
				TARGETED_DEVICE_FAMILY = "1,2";
				VALIDATE_PRODUCT = YES;
			};
			name = Release;
		};
		51EDC3011F70F7BE00303C77 /* Debug */ = {
			isa = XCBuildConfiguration;
			baseConfigurationReference = 5BDA48E135E52D06927D06C9 /* Pods-MAnusjakBakalarka.debug.xcconfig */;
			buildSettings = {
				ASSETCATALOG_COMPILER_APPICON_NAME = AppIcon;
				CLANG_ENABLE_MODULES = YES;
				"CODE_SIGN_IDENTITY[sdk=iphoneos*]" = "iPhone Developer";
				CODE_SIGN_STYLE = Automatic;
				DEVELOPMENT_TEAM = F3X6565QF6;
				INFOPLIST_FILE = MAnusjakBakalarka/Info.plist;
				IPHONEOS_DEPLOYMENT_TARGET = 10.0;
				LD_RUNPATH_SEARCH_PATHS = "$(inherited) @executable_path/Frameworks";
				PRODUCT_BUNDLE_IDENTIFIER = fei.MAnusjakBakalarkaDemo1;
				PRODUCT_NAME = "$(TARGET_NAME)";
				PROVISIONING_PROFILE_SPECIFIER = "";
				SWIFT_OBJC_BRIDGING_HEADER = "MAnusjakBakalarka/MAnusjakBakalarka-Bridging-Header.h";
				SWIFT_OPTIMIZATION_LEVEL = "-Onone";
				SWIFT_SWIFT3_OBJC_INFERENCE = Default;
				SWIFT_VERSION = 4.0;
				TARGETED_DEVICE_FAMILY = 1;
			};
			name = Debug;
		};
		51EDC3021F70F7BE00303C77 /* Release */ = {
			isa = XCBuildConfiguration;
			baseConfigurationReference = 476ADB0D8799EBEF7DF4A906 /* Pods-MAnusjakBakalarka.release.xcconfig */;
			buildSettings = {
				ASSETCATALOG_COMPILER_APPICON_NAME = AppIcon;
				CLANG_ENABLE_MODULES = YES;
				"CODE_SIGN_IDENTITY[sdk=iphoneos*]" = "iPhone Developer";
				CODE_SIGN_STYLE = Automatic;
				DEVELOPMENT_TEAM = F3X6565QF6;
				INFOPLIST_FILE = MAnusjakBakalarka/Info.plist;
				IPHONEOS_DEPLOYMENT_TARGET = 10.0;
				LD_RUNPATH_SEARCH_PATHS = "$(inherited) @executable_path/Frameworks";
				PRODUCT_BUNDLE_IDENTIFIER = fei.MAnusjakBakalarkaDemo1;
				PRODUCT_NAME = "$(TARGET_NAME)";
				PROVISIONING_PROFILE_SPECIFIER = "";
				SWIFT_OBJC_BRIDGING_HEADER = "MAnusjakBakalarka/MAnusjakBakalarka-Bridging-Header.h";
				SWIFT_SWIFT3_OBJC_INFERENCE = Default;
				SWIFT_VERSION = 4.0;
				TARGETED_DEVICE_FAMILY = 1;
			};
			name = Release;
		};
/* End XCBuildConfiguration section */

/* Begin XCConfigurationList section */
		51EDC2D31F70F7BE00303C77 /* Build configuration list for PBXProject "MAnusjakBakalarka" */ = {
			isa = XCConfigurationList;
			buildConfigurations = (
				51EDC2FE1F70F7BE00303C77 /* Debug */,
				51EDC2FF1F70F7BE00303C77 /* Release */,
			);
			defaultConfigurationIsVisible = 0;
			defaultConfigurationName = Release;
		};
		51EDC3001F70F7BE00303C77 /* Build configuration list for PBXNativeTarget "MAnusjakBakalarka" */ = {
			isa = XCConfigurationList;
			buildConfigurations = (
				51EDC3011F70F7BE00303C77 /* Debug */,
				51EDC3021F70F7BE00303C77 /* Release */,
			);
			defaultConfigurationIsVisible = 0;
			defaultConfigurationName = Release;
		};
/* End XCConfigurationList section */
	};
	rootObject = 51EDC2D01F70F7BE00303C77 /* Project object */;
}
